
Microsoft Visual Studio Solution File, Format Version 12.00
# Visual Studio Version 17
VisualStudioVersion = 17.14.36603.0 d17.14
MinimumVisualStudioVersion = 10.0.40219.1
Project("{FAE04EC0-301F-11D3-BF4B-00C04F79EFBC}") = "hotel", "hotel.csproj", "{9402B811-6727-454E-BFC7-C4D5AFB14F4C}"
EndProject
Global
	GlobalSection(SolutionConfigurationPlatforms) = preSolution
		Debug|Any CPU = Debug|Any CPU
		Release|Any CPU = Release|Any CPU
	EndGlobalSection
	GlobalSection(ProjectConfigurationPlatforms) = postSolution
		{9402B811-6727-454E-BFC7-C4D5AFB14F4C}.Debug|Any CPU.ActiveCfg = Debug|Any CPU
		{9402B811-6727-454E-BFC7-C4D5AFB14F4C}.Debug|Any CPU.Build.0 = Debug|Any CPU
		{9402B811-6727-454E-BFC7-C4D5AFB14F4C}.Release|Any CPU.ActiveCfg = Release|Any CPU
		{9402B811-6727-454E-BFC7-C4D5AFB14F4C}.Release|Any CPU.Build.0 = Release|Any CPU
	EndGlobalSection
	GlobalSection(SolutionProperties) = preSolution
		HideSolutionNode = FALSE
	EndGlobalSection
	GlobalSection(ExtensibilityGlobals) = postSolution
		SolutionGuid = {D6A7655D-2FBF-4519-971F-0DCDF25B3FE2}
	EndGlobalSection
EndGlobal
